// !$*UTF8*$!
{
	archiveVersion = 1;
	classes = {
	};
	objectVersion = 56;
	objects = {

/* Begin PBXBuildFile section */
		040CEAFB2C7C59BB00D4E61B /* Shopping_App_In_SwiftUIApp.swift in Sources */ = {isa = PBXBuildFile; fileRef = 040CEAFA2C7C59BB00D4E61B /* Shopping_App_In_SwiftUIApp.swift */; };
		040CEAFD2C7C59BB00D4E61B /* ContentView.swift in Sources */ = {isa = PBXBuildFile; fileRef = 040CEAFC2C7C59BB00D4E61B /* ContentView.swift */; };
		040CEAFF2C7C59BD00D4E61B /* Assets.xcassets in Resources */ = {isa = PBXBuildFile; fileRef = 040CEAFE2C7C59BD00D4E61B /* Assets.xcassets */; };
		040CEB022C7C59BD00D4E61B /* Preview Assets.xcassets in Resources */ = {isa = PBXBuildFile; fileRef = 040CEB012C7C59BD00D4E61B /* Preview Assets.xcassets */; };
		040CEB092C7EFE7200D4E61B /* OnBoardingScreenView.swift in Sources */ = {isa = PBXBuildFile; fileRef = 040CEB082C7EFE7200D4E61B /* OnBoardingScreenView.swift */; };
		040CEB0C2C7EFED500D4E61B /* HomeScreen.swift in Sources */ = {isa = PBXBuildFile; fileRef = 040CEB0B2C7EFED500D4E61B /* HomeScreen.swift */; };
		040CEB152C7F184E00D4E61B /* imageData.swift in Sources */ = {isa = PBXBuildFile; fileRef = 040CEB142C7F184E00D4E61B /* imageData.swift */; };
		040CEB172C7F224100D4E61B /* PlaceModel.swift in Sources */ = {isa = PBXBuildFile; fileRef = 040CEB162C7F224100D4E61B /* PlaceModel.swift */; };
		040CEB192C7F254F00D4E61B /* FruitCartView.swift in Sources */ = {isa = PBXBuildFile; fileRef = 040CEB182C7F254F00D4E61B /* FruitCartView.swift */; };
		04C494E22C803D3800EE123B /* DetailView.swift in Sources */ = {isa = PBXBuildFile; fileRef = 04C494E12C803D3800EE123B /* DetailView.swift */; };
		04C494E42C803D7000EE123B /* TopSellingView.swift in Sources */ = {isa = PBXBuildFile; fileRef = 04C494E32C803D7000EE123B /* TopSellingView.swift */; };
		04E96B9A2C81A04C006159AA /* NearYouView.swift in Sources */ = {isa = PBXBuildFile; fileRef = 04E96B992C81A04C006159AA /* NearYouView.swift */; };
/* End PBXBuildFile section */

/* Begin PBXFileReference section */
		040CEAF72C7C59BB00D4E61B /* Shopping App In SwiftUI.app */ = {isa = PBXFileReference; explicitFileType = wrapper.application; includeInIndex = 0; path = "Shopping App In SwiftUI.app"; sourceTree = BUILT_PRODUCTS_DIR; };
		040CEAFA2C7C59BB00D4E61B /* Shopping_App_In_SwiftUIApp.swift */ = {isa = PBXFileReference; lastKnownFileType = sourcecode.swift; path = Shopping_App_In_SwiftUIApp.swift; sourceTree = "<group>"; };
		040CEAFC2C7C59BB00D4E61B /* ContentView.swift */ = {isa = PBXFileReference; lastKnownFileType = sourcecode.swift; path = ContentView.swift; sourceTree = "<group>"; };
		040CEAFE2C7C59BD00D4E61B /* Assets.xcassets */ = {isa = PBXFileReference; lastKnownFileType = folder.assetcatalog; path = Assets.xcassets; sourceTree = "<group>"; };
		040CEB012C7C59BD00D4E61B /* Preview Assets.xcassets */ = {isa = PBXFileReference; lastKnownFileType = folder.assetcatalog; path = "Preview Assets.xcassets"; sourceTree = "<group>"; };
		040CEB082C7EFE7200D4E61B /* OnBoardingScreenView.swift */ = {isa = PBXFileReference; lastKnownFileType = sourcecode.swift; name = OnBoardingScreenView.swift; path = ../OnBoardingScreenView.swift; sourceTree = "<group>"; };
		040CEB0B2C7EFED500D4E61B /* HomeScreen.swift */ = {isa = PBXFileReference; lastKnownFileType = sourcecode.swift; path = HomeScreen.swift; sourceTree = "<group>"; };
		040CEB142C7F184E00D4E61B /* imageData.swift */ = {isa = PBXFileReference; lastKnownFileType = sourcecode.swift; path = imageData.swift; sourceTree = "<group>"; };
		040CEB162C7F224100D4E61B /* PlaceModel.swift */ = {isa = PBXFileReference; lastKnownFileType = sourcecode.swift; path = PlaceModel.swift; sourceTree = "<group>"; };
		040CEB182C7F254F00D4E61B /* FruitCartView.swift */ = {isa = PBXFileReference; lastKnownFileType = sourcecode.swift; path = FruitCartView.swift; sourceTree = "<group>"; };
		04C494E12C803D3800EE123B /* DetailView.swift */ = {isa = PBXFileReference; lastKnownFileType = sourcecode.swift; path = DetailView.swift; sourceTree = "<group>"; };
		04C494E32C803D7000EE123B /* TopSellingView.swift */ = {isa = PBXFileReference; lastKnownFileType = sourcecode.swift; path = TopSellingView.swift; sourceTree = "<group>"; };
		04E96B992C81A04C006159AA /* NearYouView.swift */ = {isa = PBXFileReference; lastKnownFileType = sourcecode.swift; path = NearYouView.swift; sourceTree = "<group>"; };
/* End PBXFileReference section */

/* Begin PBXFrameworksBuildPhase section */
		040CEAF42C7C59BB00D4E61B /* Frameworks */ = {
			isa = PBXFrameworksBuildPhase;
			buildActionMask = 2147483647;
			files = (
			);
			runOnlyForDeploymentPostprocessing = 0;
		};
/* End PBXFrameworksBuildPhase section */

/* Begin PBXGroup section */
		040CEAEE2C7C59BB00D4E61B = {
			isa = PBXGroup;
			children = (
				040CEAF92C7C59BB00D4E61B /* Shopping App In SwiftUI */,
				040CEAF82C7C59BB00D4E61B /* Products */,
			);
			sourceTree = "<group>";
		};
		040CEAF82C7C59BB00D4E61B /* Products */ = {
			isa = PBXGroup;
			children = (
				040CEAF72C7C59BB00D4E61B /* Shopping App In SwiftUI.app */,
			);
			name = Products;
			sourceTree = "<group>";
		};
		040CEAF92C7C59BB00D4E61B /* Shopping App In SwiftUI */ = {
			isa = PBXGroup;
			children = (
				040CEAFA2C7C59BB00D4E61B /* Shopping_App_In_SwiftUIApp.swift */,
				040CEAFC2C7C59BB00D4E61B /* ContentView.swift */,
				040CEB0A2C7EFEBE00D4E61B /* HomeScreenView */,
				040CEAFE2C7C59BD00D4E61B /* Assets.xcassets */,
				040CEB002C7C59BD00D4E61B /* Preview Content */,
			);
			path = "Shopping App In SwiftUI";
			sourceTree = "<group>";
		};
		040CEB002C7C59BD00D4E61B /* Preview Content */ = {
			isa = PBXGroup;
			children = (
				040CEB012C7C59BD00D4E61B /* Preview Assets.xcassets */,
			);
			path = "Preview Content";
			sourceTree = "<group>";
		};
		040CEB0A2C7EFEBE00D4E61B /* HomeScreenView */ = {
			isa = PBXGroup;
			children = (
				040CEB0B2C7EFED500D4E61B /* HomeScreen.swift */,
				040CEB082C7EFE7200D4E61B /* OnBoardingScreenView.swift */,
				040CEB112C7F180100D4E61B /* Model */,
			);
			path = HomeScreenView;
			sourceTree = "<group>";
		};
		040CEB112C7F180100D4E61B /* Model */ = {
			isa = PBXGroup;
			children = (
				040CEB142C7F184E00D4E61B /* imageData.swift */,
				040CEB182C7F254F00D4E61B /* FruitCartView.swift */,
				04C494E12C803D3800EE123B /* DetailView.swift */,
				04C494E32C803D7000EE123B /* TopSellingView.swift */,
				04E96B992C81A04C006159AA /* NearYouView.swift */,
				040CEB162C7F224100D4E61B /* PlaceModel.swift */,
			);
			path = Model;
			sourceTree = "<group>";
		};
/* End PBXGroup section */

/* Begin PBXNativeTarget section */
		040CEAF62C7C59BB00D4E61B /* Shopping App In SwiftUI */ = {
			isa = PBXNativeTarget;
			buildConfigurationList = 040CEB052C7C59BD00D4E61B /* Build configuration list for PBXNativeTarget "Shopping App In SwiftUI" */;
			buildPhases = (
				040CEAF32C7C59BB00D4E61B /* Sources */,
				040CEAF42C7C59BB00D4E61B /* Frameworks */,
				040CEAF52C7C59BB00D4E61B /* Resources */,
			);
			buildRules = (
			);
			dependencies = (
			);
			name = "Shopping App In SwiftUI";
			productName = "Shopping App In SwiftUI";
			productReference = 040CEAF72C7C59BB00D4E61B /* Shopping App In SwiftUI.app */;
			productType = "com.apple.product-type.application";
		};
/* End PBXNativeTarget section */

/* Begin PBXProject section */
		040CEAEF2C7C59BB00D4E61B /* Project object */ = {
			isa = PBXProject;
			attributes = {
				BuildIndependentTargetsInParallel = 1;
				LastSwiftUpdateCheck = 1420;
				LastUpgradeCheck = 1420;
				TargetAttributes = {
					040CEAF62C7C59BB00D4E61B = {
						CreatedOnToolsVersion = 14.2;
					};
				};
			};
			buildConfigurationList = 040CEAF22C7C59BB00D4E61B /* Build configuration list for PBXProject "Shopping App In SwiftUI" */;
			compatibilityVersion = "Xcode 14.0";
			developmentRegion = en;
			hasScannedForEncodings = 0;
			knownRegions = (
				en,
				Base,
			);
			mainGroup = 040CEAEE2C7C59BB00D4E61B;
			productRefGroup = 040CEAF82C7C59BB00D4E61B /* Products */;
			projectDirPath = "";
			projectRoot = "";
			targets = (
				040CEAF62C7C59BB00D4E61B /* Shopping App In SwiftUI */,
			);
		};
/* End PBXProject section */

/* Begin PBXResourcesBuildPhase section */
		040CEAF52C7C59BB00D4E61B /* Resources */ = {
			isa = PBXResourcesBuildPhase;
			buildActionMask = 2147483647;
			files = (
				040CEB022C7C59BD00D4E61B /* Preview Assets.xcassets in Resources */,
				040CEAFF2C7C59BD00D4E61B /* Assets.xcassets in Resources */,
			);
			runOnlyForDeploymentPostprocessing = 0;
		};
/* End PBXResourcesBuildPhase section */

/* Begin PBXSourcesBuildPhase section */
		040CEAF32C7C59BB00D4E61B /* Sources */ = {
			isa = PBXSourcesBuildPhase;
			buildActionMask = 2147483647;
			files = (
				040CEB0C2C7EFED500D4E61B /* HomeScreen.swift in Sources */,
				04C494E22C803D3800EE123B /* DetailView.swift in Sources */,
				04C494E42C803D7000EE123B /* TopSellingView.swift in Sources */,
				040CEB192C7F254F00D4E61B /* FruitCartView.swift in Sources */,
				040CEB172C7F224100D4E61B /* PlaceModel.swift in Sources */,
				040CEB092C7EFE7200D4E61B /* OnBoardingScreenView.swift in Sources */,
				04E96B9A2C81A04C006159AA /* NearYouView.swift in Sources */,
				040CEB152C7F184E00D4E61B /* imageData.swift in Sources */,
				040CEAFD2C7C59BB00D4E61B /* ContentView.swift in Sources */,
				040CEAFB2C7C59BB00D4E61B /* Shopping_App_In_SwiftUIApp.swift in Sources */,
			);
			runOnlyForDeploymentPostprocessing = 0;
		};
/* End PBXSourcesBuildPhase section */

/* Begin XCBuildConfiguration section */
		040CEB032C7C59BD00D4E61B /* Debug */ = {
			isa = XCBuildConfiguration;
			buildSettings = {
				ALWAYS_SEARCH_USER_PATHS = NO;
				CLANG_ANALYZER_NONNULL = YES;
				CLANG_ANALYZER_NUMBER_OBJECT_CONVERSION = YES_AGGRESSIVE;
				CLANG_CXX_LANGUAGE_STANDARD = "gnu++20";
				CLANG_ENABLE_MODULES = YES;
				CLANG_ENABLE_OBJC_ARC = YES;
				CLANG_ENABLE_OBJC_WEAK = YES;
				CLANG_WARN_BLOCK_CAPTURE_AUTORELEASING = YES;
				CLANG_WARN_BOOL_CONVERSION = YES;
				CLANG_WARN_COMMA = YES;
				CLANG_WARN_CONSTANT_CONVERSION = YES;
				CLANG_WARN_DEPRECATED_OBJC_IMPLEMENTATIONS = YES;
				CLANG_WARN_DIRECT_OBJC_ISA_USAGE = YES_ERROR;
				CLANG_WARN_DOCUMENTATION_COMMENTS = YES;
				CLANG_WARN_EMPTY_BODY = YES;
				CLANG_WARN_ENUM_CONVERSION = YES;
				CLANG_WARN_INFINITE_RECURSION = YES;
				CLANG_WARN_INT_CONVERSION = YES;
				CLANG_WARN_NON_LITERAL_NULL_CONVERSION = YES;
				CLANG_WARN_OBJC_IMPLICIT_RETAIN_SELF = YES;
				CLANG_WARN_OBJC_LITERAL_CONVERSION = YES;
				CLANG_WARN_OBJC_ROOT_CLASS = YES_ERROR;
				CLANG_WARN_QUOTED_INCLUDE_IN_FRAMEWORK_HEADER = YES;
				CLANG_WARN_RANGE_LOOP_ANALYSIS = YES;
				CLANG_WARN_STRICT_PROTOTYPES = YES;
				CLANG_WARN_SUSPICIOUS_MOVE = YES;
				CLANG_WARN_UNGUARDED_AVAILABILITY = YES_AGGRESSIVE;
				CLANG_WARN_UNREACHABLE_CODE = YES;
				CLANG_WARN__DUPLICATE_METHOD_MATCH = YES;
				COPY_PHASE_STRIP = NO;
				DEBUG_INFORMATION_FORMAT = dwarf;
				ENABLE_STRICT_OBJC_MSGSEND = YES;
				ENABLE_TESTABILITY = YES;
				GCC_C_LANGUAGE_STANDARD = gnu11;
				GCC_DYNAMIC_NO_PIC = NO;
				GCC_NO_COMMON_BLOCKS = YES;
				GCC_OPTIMIZATION_LEVEL = 0;
				GCC_PREPROCESSOR_DEFINITIONS = (
					"DEBUG=1",
					"$(inherited)",
				);
				GCC_WARN_64_TO_32_BIT_CONVERSION = YES;
				GCC_WARN_ABOUT_RETURN_TYPE = YES_ERROR;
				GCC_WARN_UNDECLARED_SELECTOR = YES;
				GCC_WARN_UNINITIALIZED_AUTOS = YES_AGGRESSIVE;
				GCC_WARN_UNUSED_FUNCTION = YES;
				GCC_WARN_UNUSED_VARIABLE = YES;
				IPHONEOS_DEPLOYMENT_TARGET = 16.2;
				MTL_ENABLE_DEBUG_INFO = INCLUDE_SOURCE;
				MTL_FAST_MATH = YES;
				ONLY_ACTIVE_ARCH = YES;
				SDKROOT = iphoneos;
				SWIFT_ACTIVE_COMPILATION_CONDITIONS = DEBUG;
				SWIFT_OPTIMIZATION_LEVEL = "-Onone";
			};
			name = Debug;
		};
		040CEB042C7C59BD00D4E61B /* Release */ = {
			isa = XCBuildConfiguration;
			buildSettings = {
				ALWAYS_SEARCH_USER_PATHS = NO;
				CLANG_ANALYZER_NONNULL = YES;
				CLANG_ANALYZER_NUMBER_OBJECT_CONVERSION = YES_AGGRESSIVE;
				CLANG_CXX_LANGUAGE_STANDARD = "gnu++20";
				CLANG_ENABLE_MODULES = YES;
				CLANG_ENABLE_OBJC_ARC = YES;
				CLANG_ENABLE_OBJC_WEAK = YES;
				CLANG_WARN_BLOCK_CAPTURE_AUTORELEASING = YES;
				CLANG_WARN_BOOL_CONVERSION = YES;
				CLANG_WARN_COMMA = YES;
				CLANG_WARN_CONSTANT_CONVERSION = YES;
				CLANG_WARN_DEPRECATED_OBJC_IMPLEMENTATIONS = YES;
				CLANG_WARN_DIRECT_OBJC_ISA_USAGE = YES_ERROR;
				CLANG_WARN_DOCUMENTATION_COMMENTS = YES;
				CLANG_WARN_EMPTY_BODY = YES;
				CLANG_WARN_ENUM_CONVERSION = YES;
				CLANG_WARN_INFINITE_RECURSION = YES;
				CLANG_WARN_INT_CONVERSION = YES;
				CLANG_WARN_NON_LITERAL_NULL_CONVERSION = YES;
				CLANG_WARN_OBJC_IMPLICIT_RETAIN_SELF = YES;
				CLANG_WARN_OBJC_LITERAL_CONVERSION = YES;
				CLANG_WARN_OBJC_ROOT_CLASS = YES_ERROR;
				CLANG_WARN_QUOTED_INCLUDE_IN_FRAMEWORK_HEADER = YES;
				CLANG_WARN_RANGE_LOOP_ANALYSIS = YES;
				CLANG_WARN_STRICT_PROTOTYPES = YES;
				CLANG_WARN_SUSPICIOUS_MOVE = YES;
				CLANG_WARN_UNGUARDED_AVAILABILITY = YES_AGGRESSIVE;
				CLANG_WARN_UNREACHABLE_CODE = YES;
				CLANG_WARN__DUPLICATE_METHOD_MATCH = YES;
				COPY_PHASE_STRIP = NO;
				DEBUG_INFORMATION_FORMAT = "dwarf-with-dsym";
				ENABLE_NS_ASSERTIONS = NO;
				ENABLE_STRICT_OBJC_MSGSEND = YES;
				GCC_C_LANGUAGE_STANDARD = gnu11;
				GCC_NO_COMMON_BLOCKS = YES;
				GCC_WARN_64_TO_32_BIT_CONVERSION = YES;
				GCC_WARN_ABOUT_RETURN_TYPE = YES_ERROR;
				GCC_WARN_UNDECLARED_SELECTOR = YES;
				GCC_WARN_UNINITIALIZED_AUTOS = YES_AGGRESSIVE;
				GCC_WARN_UNUSED_FUNCTION = YES;
				GCC_WARN_UNUSED_VARIABLE = YES;
				IPHONEOS_DEPLOYMENT_TARGET = 16.2;
				MTL_ENABLE_DEBUG_INFO = NO;
				MTL_FAST_MATH = YES;
				SDKROOT = iphoneos;
				SWIFT_COMPILATION_MODE = wholemodule;
				SWIFT_OPTIMIZATION_LEVEL = "-O";
				VALIDATE_PRODUCT = YES;
			};
			name = Release;
		};
		040CEB062C7C59BD00D4E61B /* Debug */ = {
			isa = XCBuildConfiguration;
			buildSettings = {
				ASSETCATALOG_COMPILER_APPICON_NAME = AppIcon;
				ASSETCATALOG_COMPILER_GLOBAL_ACCENT_COLOR_NAME = AccentColor;
				CODE_SIGN_STYLE = Automatic;
				CURRENT_PROJECT_VERSION = 1;
				DEVELOPMENT_ASSET_PATHS = "\"Shopping App In SwiftUI/Preview Content\"";
				ENABLE_PREVIEWS = YES;
				GENERATE_INFOPLIST_FILE = YES;
				INFOPLIST_KEY_UIApplicationSceneManifest_Generation = YES;
				INFOPLIST_KEY_UIApplicationSupportsIndirectInputEvents = YES;
				INFOPLIST_KEY_UILaunchScreen_Generation = YES;
				INFOPLIST_KEY_UISupportedInterfaceOrientations_iPad = "UIInterfaceOrientationPortrait UIInterfaceOrientationPortraitUpsideDown UIInterfaceOrientationLandscapeLeft UIInterfaceOrientationLandscapeRight";
				INFOPLIST_KEY_UISupportedInterfaceOrientations_iPhone = "UIInterfaceOrientationPortrait UIInterfaceOrientationLandscapeLeft UIInterfaceOrientationLandscapeRight";
				LD_RUNPATH_SEARCH_PATHS = (
					"$(inherited)",
					"@executable_path/Frameworks",
				);
				MARKETING_VERSION = 1.0;
				PRODUCT_BUNDLE_IDENTIFIER = "com.sai.Shopping-App-In-SwiftUI";
				PRODUCT_NAME = "$(TARGET_NAME)";
				SWIFT_EMIT_LOC_STRINGS = YES;
				SWIFT_VERSION = 5.0;
				TARGETED_DEVICE_FAMILY = "1,2";
			};
			name = Debug;
		};
		040CEB072C7C59BD00D4E61B /* Release */ = {
			isa = XCBuildConfiguration;
			buildSettings = {
				ASSETCATALOG_COMPILER_APPICON_NAME = AppIcon;
				ASSETCATALOG_COMPILER_GLOBAL_ACCENT_COLOR_NAME = AccentColor;
				CODE_SIGN_STYLE = Automatic;
				CURRENT_PROJECT_VERSION = 1;
				DEVELOPMENT_ASSET_PATHS = "\"Shopping App In SwiftUI/Preview Content\"";
				ENABLE_PREVIEWS = YES;
				GENERATE_INFOPLIST_FILE = YES;
				INFOPLIST_KEY_UIApplicationSceneManifest_Generation = YES;
				INFOPLIST_KEY_UIApplicationSupportsIndirectInputEvents = YES;
				INFOPLIST_KEY_UILaunchScreen_Generation = YES;
				INFOPLIST_KEY_UISupportedInterfaceOrientations_iPad = "UIInterfaceOrientationPortrait UIInterfaceOrientationPortraitUpsideDown UIInterfaceOrientationLandscapeLeft UIInterfaceOrientationLandscapeRight";
				INFOPLIST_KEY_UISupportedInterfaceOrientations_iPhone = "UIInterfaceOrientationPortrait UIInterfaceOrientationLandscapeLeft UIInterfaceOrientationLandscapeRight";
				LD_RUNPATH_SEARCH_PATHS = (
					"$(inherited)",
					"@executable_path/Frameworks",
				);
				MARKETING_VERSION = 1.0;
				PRODUCT_BUNDLE_IDENTIFIER = "com.sai.Shopping-App-In-SwiftUI";
				PRODUCT_NAME = "$(TARGET_NAME)";
				SWIFT_EMIT_LOC_STRINGS = YES;
				SWIFT_VERSION = 5.0;
				TARGETED_DEVICE_FAMILY = "1,2";
			};
			name = Release;
		};
/* End XCBuildConfiguration section */

/* Begin XCConfigurationList section */
		040CEAF22C7C59BB00D4E61B /* Build configuration list for PBXProject "Shopping App In SwiftUI" */ = {
			isa = XCConfigurationList;
			buildConfigurations = (
				040CEB032C7C59BD00D4E61B /* Debug */,
				040CEB042C7C59BD00D4E61B /* Release */,
			);
			defaultConfigurationIsVisible = 0;
			defaultConfigurationName = Release;
		};
		040CEB052C7C59BD00D4E61B /* Build configuration list for PBXNativeTarget "Shopping App In SwiftUI" */ = {
			isa = XCConfigurationList;
			buildConfigurations = (
				040CEB062C7C59BD00D4E61B /* Debug */,
				040CEB072C7C59BD00D4E61B /* Release */,
			);
			defaultConfigurationIsVisible = 0;
			defaultConfigurationName = Release;
		};
/* End XCConfigurationList section */
	};
	rootObject = 040CEAEF2C7C59BB00D4E61B /* Project object */;
}
